
Microsoft Visual Studio Solution File, Format Version 12.00
# Visual Studio 15
VisualStudioVersion = 15.0.27703.2042
MinimumVisualStudioVersion = 10.0.40219.1
Project("{8BC9CEB8-8B4A-11D0-8D11-00A0C91BC942}") = "exercise_4", "exercise_4\exercise_4.vcxproj", "{081A3CCA-A95F-477E-8904-054DDB9C9F7A}"
EndProject
Global
	GlobalSection(SolutionConfigurationPlatforms) = preSolution
		Debug|x64 = Debug|x64
		Debug|x86 = Debug|x86
		Release|x64 = Release|x64
		Release|x86 = Release|x86
	EndGlobalSection
	GlobalSection(ProjectConfigurationPlatforms) = postSolution
		{081A3CCA-A95F-477E-8904-054DDB9C9F7A}.Debug|x64.ActiveCfg = Debug|x64
		{081A3CCA-A95F-477E-8904-054DDB9C9F7A}.Debug|x64.Build.0 = Debug|x64
		{081A3CCA-A95F-477E-8904-054DDB9C9F7A}.Debug|x86.ActiveCfg = Debug|Win32
		{081A3CCA-A95F-477E-8904-054DDB9C9F7A}.Debug|x86.Build.0 = Debug|Win32
		{081A3CCA-A95F-477E-8904-054DDB9C9F7A}.Release|x64.ActiveCfg = Release|x64
		{081A3CCA-A95F-477E-8904-054DDB9C9F7A}.Release|x64.Build.0 = Release|x64
		{081A3CCA-A95F-477E-8904-054DDB9C9F7A}.Release|x86.ActiveCfg = Release|Win32
		{081A3CCA-A95F-477E-8904-054DDB9C9F7A}.Release|x86.Build.0 = Release|Win32
	EndGlobalSection
	GlobalSection(SolutionProperties) = preSolution
		HideSolutionNode = FALSE
	EndGlobalSection
	GlobalSection(ExtensibilityGlobals) = postSolution
		SolutionGuid = {349AE5BC-A9C4-4762-84D6-158144E8B67D}
	EndGlobalSection
EndGlobal
